
Microsoft Visual Studio Solution File, Format Version 12.00
# Visual Studio Version 17
VisualStudioVersion = 17.4.33213.308
MinimumVisualStudioVersion = 10.0.40219.1
Project("{FAE04EC0-301F-11D3-BF4B-00C04F79EFBC}") = "plik_projektu", "plik_projektu\plik_projektu.csproj", "{7DF36CDD-F45D-4A04-9F01-7F2EE7EA3951}"
EndProject
Global
	GlobalSection(SolutionConfigurationPlatforms) = preSolution
		Debug|Any CPU = Debug|Any CPU
		Release|Any CPU = Release|Any CPU
	EndGlobalSection
	GlobalSection(ProjectConfigurationPlatforms) = postSolution
		{7DF36CDD-F45D-4A04-9F01-7F2EE7EA3951}.Debug|Any CPU.ActiveCfg = Debug|Any CPU
		{7DF36CDD-F45D-4A04-9F01-7F2EE7EA3951}.Debug|Any CPU.Build.0 = Debug|Any CPU
		{7DF36CDD-F45D-4A04-9F01-7F2EE7EA3951}.Release|Any CPU.ActiveCfg = Release|Any CPU
		{7DF36CDD-F45D-4A04-9F01-7F2EE7EA3951}.Release|Any CPU.Build.0 = Release|Any CPU
	EndGlobalSection
	GlobalSection(SolutionProperties) = preSolution
		HideSolutionNode = FALSE
	EndGlobalSection
	GlobalSection(ExtensibilityGlobals) = postSolution
		SolutionGuid = {98DA47F7-7B2A-4FB5-8482-369B745598CF}
	EndGlobalSection
EndGlobal
